
Microsoft Visual Studio Solution File, Format Version 12.00
# Visual Studio Version 17
VisualStudioVersion = 17.11.35327.3
MinimumVisualStudioVersion = 10.0.40219.1
Project("{FAE04EC0-301F-11D3-BF4B-00C04F79EFBC}") = "Baitapn17", "Baitapn17\Baitapn17.csproj", "{E9E19FB9-E810-4B90-BFE0-A49B01540830}"
EndProject
Project("{FAE04EC0-301F-11D3-BF4B-00C04F79EFBC}") = "N17.NunitTest", "N17.NunitTest\N17.NunitTest.csproj", "{01A65826-AD78-45A4-B85D-33681B177370}"
EndProject
Global
	GlobalSection(SolutionConfigurationPlatforms) = preSolution
		Debug|Any CPU = Debug|Any CPU
		Release|Any CPU = Release|Any CPU
	EndGlobalSection
	GlobalSection(ProjectConfigurationPlatforms) = postSolution
		{E9E19FB9-E810-4B90-BFE0-A49B01540830}.Debug|Any CPU.ActiveCfg = Debug|Any CPU
		{E9E19FB9-E810-4B90-BFE0-A49B01540830}.Debug|Any CPU.Build.0 = Debug|Any CPU
		{E9E19FB9-E810-4B90-BFE0-A49B01540830}.Release|Any CPU.ActiveCfg = Release|Any CPU
		{E9E19FB9-E810-4B90-BFE0-A49B01540830}.Release|Any CPU.Build.0 = Release|Any CPU
		{01A65826-AD78-45A4-B85D-33681B177370}.Debug|Any CPU.ActiveCfg = Debug|Any CPU
		{01A65826-AD78-45A4-B85D-33681B177370}.Debug|Any CPU.Build.0 = Debug|Any CPU
		{01A65826-AD78-45A4-B85D-33681B177370}.Release|Any CPU.ActiveCfg = Release|Any CPU
		{01A65826-AD78-45A4-B85D-33681B177370}.Release|Any CPU.Build.0 = Release|Any CPU
	EndGlobalSection
	GlobalSection(SolutionProperties) = preSolution
		HideSolutionNode = FALSE
	EndGlobalSection
	GlobalSection(ExtensibilityGlobals) = postSolution
		SolutionGuid = {A53C9054-409A-44E5-A1DA-9DA3354074EF}
	EndGlobalSection
EndGlobal
